// !$*UTF8*$!
{
	archiveVersion = 1;
	classes = {
	};
	objectVersion = 55;
	objects = {

/* Begin PBXBuildFile section */
		560AFBC12A1394A30054B502 /* AppDelegate.swift in Sources */ = {isa = PBXBuildFile; fileRef = 560AFBC02A1394A30054B502 /* AppDelegate.swift */; };
		560AFBC52A1394A30054B502 /* HomeVC.swift in Sources */ = {isa = PBXBuildFile; fileRef = 560AFBC42A1394A30054B502 /* HomeVC.swift */; };
		560AFBCB2A1394A30054B502 /* CoinTail.xcdatamodeld in Sources */ = {isa = PBXBuildFile; fileRef = 560AFBC92A1394A30054B502 /* CoinTail.xcdatamodeld */; };
		560AFBCD2A1394A40054B502 /* Assets.xcassets in Resources */ = {isa = PBXBuildFile; fileRef = 560AFBCC2A1394A40054B502 /* Assets.xcassets */; };
		560AFBD02A1394A40054B502 /* LaunchScreen.storyboard in Resources */ = {isa = PBXBuildFile; fileRef = 560AFBCE2A1394A40054B502 /* LaunchScreen.storyboard */; };
		560AFBDB2A13B26A0054B502 /* Array.swift in Sources */ = {isa = PBXBuildFile; fileRef = 560AFBDA2A13B26A0054B502 /* Array.swift */; };
		560AFBE02A13B2E40054B502 /* UIButton.swift in Sources */ = {isa = PBXBuildFile; fileRef = 560AFBDF2A13B2E40054B502 /* UIButton.swift */; };
		560AFBE82A13B5520054B502 /* UILabel.swift in Sources */ = {isa = PBXBuildFile; fileRef = 560AFBE72A13B5520054B502 /* UILabel.swift */; };
		560AFBEA2A13B5EA0054B502 /* UISegmentedControl.swift in Sources */ = {isa = PBXBuildFile; fileRef = 560AFBE92A13B5EA0054B502 /* UISegmentedControl.swift */; };
		560AFBEC2A13BF110054B502 /* UITextField.swift in Sources */ = {isa = PBXBuildFile; fileRef = 560AFBEB2A13BF110054B502 /* UITextField.swift */; };
		560AFBF02A13C1DF0054B502 /* BasicVC.swift in Sources */ = {isa = PBXBuildFile; fileRef = 560AFBEF2A13C1DF0054B502 /* BasicVC.swift */; };
		560AFBF22A13C28E0054B502 /* BasicVCFuncs.swift in Sources */ = {isa = PBXBuildFile; fileRef = 560AFBF12A13C28E0054B502 /* BasicVCFuncs.swift */; };
		560AFC032A16AF5A0054B502 /* HomeUIFuncs.swift in Sources */ = {isa = PBXBuildFile; fileRef = 560AFC022A16AF5A0054B502 /* HomeUIFuncs.swift */; };
		560AFC052A16B06D0054B502 /* HomeUXFuncs.swift in Sources */ = {isa = PBXBuildFile; fileRef = 560AFC042A16B06D0054B502 /* HomeUXFuncs.swift */; };
		560AFC192A1BAC810054B502 /* HomeActions.swift in Sources */ = {isa = PBXBuildFile; fileRef = 560AFC182A1BAC810054B502 /* HomeActions.swift */; };
		560AFC1C2A1BEE640054B502 /* Records.swift in Sources */ = {isa = PBXBuildFile; fileRef = 560AFC1B2A1BEE640054B502 /* Records.swift */; };
		560AFC1F2A1BF4970054B502 /* MonthSection.swift in Sources */ = {isa = PBXBuildFile; fileRef = 560AFC1E2A1BF4970054B502 /* MonthSection.swift */; };
		560AFC272A1BF5A30054B502 /* HomeCategoryCellCV.swift in Sources */ = {isa = PBXBuildFile; fileRef = 560AFC262A1BF5A30054B502 /* HomeCategoryCellCV.swift */; };
		560AFC292A1BF62D0054B502 /* DateCell.swift in Sources */ = {isa = PBXBuildFile; fileRef = 560AFC282A1BF62D0054B502 /* DateCell.swift */; };
		560AFC2B2A1BF8EB0054B502 /* HomeCVDataSource.swift in Sources */ = {isa = PBXBuildFile; fileRef = 560AFC2A2A1BF8EB0054B502 /* HomeCVDataSource.swift */; };
		560AFC392A1C0FC30054B502 /* PieChartFuncs.swift in Sources */ = {isa = PBXBuildFile; fileRef = 560AFC382A1C0FC30054B502 /* PieChartFuncs.swift */; };
		560AFC3C2A1C10170054B502 /* ChartsAnimation.swift in Sources */ = {isa = PBXBuildFile; fileRef = 560AFC3B2A1C10170054B502 /* ChartsAnimation.swift */; };
		560AFC3E2A1C10680054B502 /* ChartsSetEntries.swift in Sources */ = {isa = PBXBuildFile; fileRef = 560AFC3D2A1C10680054B502 /* ChartsSetEntries.swift */; };
		560AFC402A1D08D10054B502 /* Category.swift in Sources */ = {isa = PBXBuildFile; fileRef = 560AFC3F2A1D08D10054B502 /* Category.swift */; };
		560AFC432A1D091F0054B502 /* Record.swift in Sources */ = {isa = PBXBuildFile; fileRef = 560AFC422A1D091F0054B502 /* Record.swift */; };
		56191ECF2A9CBC6D00D47052 /* Date.swift in Sources */ = {isa = PBXBuildFile; fileRef = 56191ECE2A9CBC6D00D47052 /* Date.swift */; };
		5642DAEB2A4080BF00ADF475 /* Dates.swift in Sources */ = {isa = PBXBuildFile; fileRef = 5642DAEA2A4080BF00ADF475 /* Dates.swift */; };
		5642DAED2A40D2BE00ADF475 /* Int.swift in Sources */ = {isa = PBXBuildFile; fileRef = 5642DAEC2A40D2BE00ADF475 /* Int.swift */; };
		5642DB112A4329AB00ADF475 /* TabBar.swift in Sources */ = {isa = PBXBuildFile; fileRef = 5642DB102A4329AB00ADF475 /* TabBar.swift */; };
		5642DB142A432B0800ADF475 /* SettingsVC.swift in Sources */ = {isa = PBXBuildFile; fileRef = 5642DB132A432B0800ADF475 /* SettingsVC.swift */; };
		5642DB172A432BA200ADF475 /* BudgetsVC.swift in Sources */ = {isa = PBXBuildFile; fileRef = 5642DB162A432BA200ADF475 /* BudgetsVC.swift */; };
		5642DB252A4DDAC400ADF475 /* BudgetUIFuncs.swift in Sources */ = {isa = PBXBuildFile; fileRef = 5642DB242A4DDAC400ADF475 /* BudgetUIFuncs.swift */; };
		5642DB272A4DE36300ADF475 /* BudgetUXFuncs.swift in Sources */ = {isa = PBXBuildFile; fileRef = 5642DB262A4DE36300ADF475 /* BudgetUXFuncs.swift */; };
		5642DB292A4DE3B700ADF475 /* BudgetActions.swift in Sources */ = {isa = PBXBuildFile; fileRef = 5642DB282A4DE3B700ADF475 /* BudgetActions.swift */; };
		5642DB2B2A4F313A00ADF475 /* Budget.swift in Sources */ = {isa = PBXBuildFile; fileRef = 5642DB2A2A4F313A00ADF475 /* Budget.swift */; };
		5642DB2E2A4F34CC00ADF475 /* BudgetCVDataSource.swift in Sources */ = {isa = PBXBuildFile; fileRef = 5642DB2D2A4F34CC00ADF475 /* BudgetCVDataSource.swift */; };
		5642DB302A4F34F900ADF475 /* BudgetCell.swift in Sources */ = {isa = PBXBuildFile; fileRef = 5642DB2F2A4F34F900ADF475 /* BudgetCell.swift */; };
		564F08FE2A531AEE004C89C7 /* AddBudgetVC.swift in Sources */ = {isa = PBXBuildFile; fileRef = 564F08FD2A531AEE004C89C7 /* AddBudgetVC.swift */; };
		5656E9B92A97707500070045 /* String.swift in Sources */ = {isa = PBXBuildFile; fileRef = 5656E9B82A97707400070045 /* String.swift */; };
		5656E9BA2A97732000070045 /* Localizable.strings in Resources */ = {isa = PBXBuildFile; fileRef = 5656E9BC2A97732000070045 /* Localizable.strings */; };
		5656E9BF2A9777FA00070045 /* RecordType.swift in Sources */ = {isa = PBXBuildFile; fileRef = 5656E9BE2A9777FA00070045 /* RecordType.swift */; };
		56DBB6CE2A3724BC0087271D /* HomeOperationCellCV.swift in Sources */ = {isa = PBXBuildFile; fileRef = 56DBB6CD2A3724BC0087271D /* HomeOperationCellCV.swift */; };
		56DBB6DD2A3728600087271D /* HomeOperationCell.swift in Sources */ = {isa = PBXBuildFile; fileRef = 56DBB6DC2A3728600087271D /* HomeOperationCell.swift */; };
		56DBB6EA2A372E220087271D /* HomeDateCell.swift in Sources */ = {isa = PBXBuildFile; fileRef = 56DBB6E92A372E220087271D /* HomeDateCell.swift */; };
		56DBB6EC2A372EB60087271D /* HomeCategoryCell.swift in Sources */ = {isa = PBXBuildFile; fileRef = 56DBB6EB2A372EB60087271D /* HomeCategoryCell.swift */; };
		56DBB6EE2A37337F0087271D /* HomeDateCellCV.swift in Sources */ = {isa = PBXBuildFile; fileRef = 56DBB6ED2A37337F0087271D /* HomeDateCellCV.swift */; };
		56DBB6F22A3738240087271D /* CategoryCell.swift in Sources */ = {isa = PBXBuildFile; fileRef = 56DBB6F12A3738240087271D /* CategoryCell.swift */; };
		56DBB6F42A37485A0087271D /* OperationCell.swift in Sources */ = {isa = PBXBuildFile; fileRef = 56DBB6F32A37485A0087271D /* OperationCell.swift */; };
		56DBB6F72A3893A80087271D /* Colors.swift in Sources */ = {isa = PBXBuildFile; fileRef = 56DBB6F62A3893A80087271D /* Colors.swift */; };
		56DBB6F92A39D69A0087271D /* OperationHeader.swift in Sources */ = {isa = PBXBuildFile; fileRef = 56DBB6F82A39D69A0087271D /* OperationHeader.swift */; };
		56DBB6FC2A3B31DB0087271D /* AddOperationVC.swift in Sources */ = {isa = PBXBuildFile; fileRef = 56DBB6FB2A3B31DB0087271D /* AddOperationVC.swift */; };
		56DBB6FF2A3B36190087271D /* AddOperationTFDelegate.swift in Sources */ = {isa = PBXBuildFile; fileRef = 56DBB6FE2A3B36190087271D /* AddOperationTFDelegate.swift */; };
		56DBB7012A3B36D30087271D /* AddOperationUIFuncs.swift in Sources */ = {isa = PBXBuildFile; fileRef = 56DBB7002A3B36D30087271D /* AddOperationUIFuncs.swift */; };
		56DBB7032A3B38470087271D /* AddOperationActions.swift in Sources */ = {isa = PBXBuildFile; fileRef = 56DBB7022A3B38470087271D /* AddOperationActions.swift */; };
		56DBB7052A3B3A370087271D /* AddOperationUXFuncs.swift in Sources */ = {isa = PBXBuildFile; fileRef = 56DBB7042A3B3A370087271D /* AddOperationUXFuncs.swift */; };
		56DBB7082A3B434C0087271D /* SelectCategoryVC.swift in Sources */ = {isa = PBXBuildFile; fileRef = 56DBB7072A3B434C0087271D /* SelectCategoryVC.swift */; };
		56DBB70A2A3B44090087271D /* Categories.swift in Sources */ = {isa = PBXBuildFile; fileRef = 56DBB7092A3B44090087271D /* Categories.swift */; };
		56DBB70F2A3B4BA90087271D /* SelectCategoryActions.swift in Sources */ = {isa = PBXBuildFile; fileRef = 56DBB70E2A3B4BA90087271D /* SelectCategoryActions.swift */; };
		56DBB7122A3B4C570087271D /* SelectCategoryCVCell.swift in Sources */ = {isa = PBXBuildFile; fileRef = 56DBB7112A3B4C570087271D /* SelectCategoryCVCell.swift */; };
		56DBB7152A3B4EA60087271D /* SelectCategoryCVDataSource.swift in Sources */ = {isa = PBXBuildFile; fileRef = 56DBB7142A3B4EA60087271D /* SelectCategoryCVDataSource.swift */; };
		56DBB7172A3B50140087271D /* SelectCategoryCVDelegate.swift in Sources */ = {isa = PBXBuildFile; fileRef = 56DBB7162A3B50140087271D /* SelectCategoryCVDelegate.swift */; };
		56DBB71A2A3B609E0087271D /* CreateCategoryVC.swift in Sources */ = {isa = PBXBuildFile; fileRef = 56DBB7192A3B609E0087271D /* CreateCategoryVC.swift */; };
		56DBB71D2A3B63310087271D /* CreateCategoryUXFuncs.swift in Sources */ = {isa = PBXBuildFile; fileRef = 56DBB71C2A3B63310087271D /* CreateCategoryUXFuncs.swift */; };
		56DBB71F2A3B641E0087271D /* CreateCategoryUIFuncs.swift in Sources */ = {isa = PBXBuildFile; fileRef = 56DBB71E2A3B641E0087271D /* CreateCategoryUIFuncs.swift */; };
		56DBB7212A3B64A00087271D /* CreateCategoryActions.swift in Sources */ = {isa = PBXBuildFile; fileRef = 56DBB7202A3B64A00087271D /* CreateCategoryActions.swift */; };
		56DBB7242A3B667F0087271D /* CreateCategoryCVDataSource.swift in Sources */ = {isa = PBXBuildFile; fileRef = 56DBB7232A3B667F0087271D /* CreateCategoryCVDataSource.swift */; };
		56DBB7262A3B672C0087271D /* CreateCategoryCVDelegate.swift in Sources */ = {isa = PBXBuildFile; fileRef = 56DBB7252A3B672C0087271D /* CreateCategoryCVDelegate.swift */; };
		56DBB7292A3B68B00087271D /* ColorPickerFuncs.swift in Sources */ = {isa = PBXBuildFile; fileRef = 56DBB7282A3B68B00087271D /* ColorPickerFuncs.swift */; };
		56DBB72B2A3B873B0087271D /* SelectCategoryUXFuncs.swift in Sources */ = {isa = PBXBuildFile; fileRef = 56DBB72A2A3B873B0087271D /* SelectCategoryUXFuncs.swift */; };
		56EFDFE22A535294003A6A45 /* AddBudgetUIFuncs.swift in Sources */ = {isa = PBXBuildFile; fileRef = 56EFDFE12A535294003A6A45 /* AddBudgetUIFuncs.swift */; };
		56EFDFE42A5352EE003A6A45 /* AddBudgetActions.swift in Sources */ = {isa = PBXBuildFile; fileRef = 56EFDFE32A5352EE003A6A45 /* AddBudgetActions.swift */; };
		56EFDFE62A535346003A6A45 /* AddBudgetUXFuncs.swift in Sources */ = {isa = PBXBuildFile; fileRef = 56EFDFE52A535346003A6A45 /* AddBudgetUXFuncs.swift */; };
		56EFDFE82A54502E003A6A45 /* Budgets.swift in Sources */ = {isa = PBXBuildFile; fileRef = 56EFDFE72A54502E003A6A45 /* Budgets.swift */; };
		56EFDFEA2A54B631003A6A45 /* AddBudgetTFDelegate.swift in Sources */ = {isa = PBXBuildFile; fileRef = 56EFDFE92A54B631003A6A45 /* AddBudgetTFDelegate.swift */; };
		56EFDFEC2A574771003A6A45 /* BudgetCVHeader.swift in Sources */ = {isa = PBXBuildFile; fileRef = 56EFDFEB2A574771003A6A45 /* BudgetCVHeader.swift */; };
		56EFDFEE2A5751EC003A6A45 /* BudgetCVDelegate.swift in Sources */ = {isa = PBXBuildFile; fileRef = 56EFDFED2A5751EC003A6A45 /* BudgetCVDelegate.swift */; };
		56EFDFF02A5D9176003A6A45 /* DaySection.swift in Sources */ = {isa = PBXBuildFile; fileRef = 56EFDFEF2A5D9176003A6A45 /* DaySection.swift */; };
		E5855FAACB0F5BAB10E0B540 /* Pods_CoinTail.framework in Frameworks */ = {isa = PBXBuildFile; fileRef = 6ACC031EA868D157367C8909 /* Pods_CoinTail.framework */; };
/* End PBXBuildFile section */

/* Begin PBXFileReference section */
		0D0E1BEF680C3CC318929DA7 /* Pods-CoinTail.release.xcconfig */ = {isa = PBXFileReference; includeInIndex = 1; lastKnownFileType = text.xcconfig; name = "Pods-CoinTail.release.xcconfig"; path = "Target Support Files/Pods-CoinTail/Pods-CoinTail.release.xcconfig"; sourceTree = "<group>"; };
		337406C96CB14EDA9269499E /* Pods-CoinTail.debug.xcconfig */ = {isa = PBXFileReference; includeInIndex = 1; lastKnownFileType = text.xcconfig; name = "Pods-CoinTail.debug.xcconfig"; path = "Target Support Files/Pods-CoinTail/Pods-CoinTail.debug.xcconfig"; sourceTree = "<group>"; };
		560AFBBD2A1394A30054B502 /* CoinTail.app */ = {isa = PBXFileReference; explicitFileType = wrapper.application; includeInIndex = 0; path = CoinTail.app; sourceTree = BUILT_PRODUCTS_DIR; };
		560AFBC02A1394A30054B502 /* AppDelegate.swift */ = {isa = PBXFileReference; lastKnownFileType = sourcecode.swift; path = AppDelegate.swift; sourceTree = "<group>"; };
		560AFBC42A1394A30054B502 /* HomeVC.swift */ = {isa = PBXFileReference; lastKnownFileType = sourcecode.swift; path = HomeVC.swift; sourceTree = "<group>"; };
		560AFBCA2A1394A30054B502 /* CoinTail.xcdatamodel */ = {isa = PBXFileReference; lastKnownFileType = wrapper.xcdatamodel; path = CoinTail.xcdatamodel; sourceTree = "<group>"; };
		560AFBCC2A1394A40054B502 /* Assets.xcassets */ = {isa = PBXFileReference; lastKnownFileType = folder.assetcatalog; path = Assets.xcassets; sourceTree = "<group>"; };
		560AFBCF2A1394A40054B502 /* Base */ = {isa = PBXFileReference; lastKnownFileType = file.storyboard; name = Base; path = Base.lproj/LaunchScreen.storyboard; sourceTree = "<group>"; };
		560AFBD12A1394A40054B502 /* Info.plist */ = {isa = PBXFileReference; lastKnownFileType = text.plist.xml; path = Info.plist; sourceTree = "<group>"; };
		560AFBDA2A13B26A0054B502 /* Array.swift */ = {isa = PBXFileReference; lastKnownFileType = sourcecode.swift; path = Array.swift; sourceTree = "<group>"; };
		560AFBDF2A13B2E40054B502 /* UIButton.swift */ = {isa = PBXFileReference; lastKnownFileType = sourcecode.swift; path = UIButton.swift; sourceTree = "<group>"; };
		560AFBE72A13B5520054B502 /* UILabel.swift */ = {isa = PBXFileReference; lastKnownFileType = sourcecode.swift; path = UILabel.swift; sourceTree = "<group>"; };
		560AFBE92A13B5EA0054B502 /* UISegmentedControl.swift */ = {isa = PBXFileReference; lastKnownFileType = sourcecode.swift; path = UISegmentedControl.swift; sourceTree = "<group>"; };
		560AFBEB2A13BF110054B502 /* UITextField.swift */ = {isa = PBXFileReference; lastKnownFileType = sourcecode.swift; path = UITextField.swift; sourceTree = "<group>"; };
		560AFBEF2A13C1DF0054B502 /* BasicVC.swift */ = {isa = PBXFileReference; lastKnownFileType = sourcecode.swift; path = BasicVC.swift; sourceTree = "<group>"; };
		560AFBF12A13C28E0054B502 /* BasicVCFuncs.swift */ = {isa = PBXFileReference; lastKnownFileType = sourcecode.swift; path = BasicVCFuncs.swift; sourceTree = "<group>"; };
		560AFC022A16AF5A0054B502 /* HomeUIFuncs.swift */ = {isa = PBXFileReference; lastKnownFileType = sourcecode.swift; path = HomeUIFuncs.swift; sourceTree = "<group>"; };
		560AFC042A16B06D0054B502 /* HomeUXFuncs.swift */ = {isa = PBXFileReference; lastKnownFileType = sourcecode.swift; path = HomeUXFuncs.swift; sourceTree = "<group>"; };
		560AFC182A1BAC810054B502 /* HomeActions.swift */ = {isa = PBXFileReference; lastKnownFileType = sourcecode.swift; path = HomeActions.swift; sourceTree = "<group>"; };
		560AFC1B2A1BEE640054B502 /* Records.swift */ = {isa = PBXFileReference; lastKnownFileType = sourcecode.swift; path = Records.swift; sourceTree = "<group>"; };
		560AFC1E2A1BF4970054B502 /* MonthSection.swift */ = {isa = PBXFileReference; lastKnownFileType = sourcecode.swift; path = MonthSection.swift; sourceTree = "<group>"; };
		560AFC262A1BF5A30054B502 /* HomeCategoryCellCV.swift */ = {isa = PBXFileReference; lastKnownFileType = sourcecode.swift; path = HomeCategoryCellCV.swift; sourceTree = "<group>"; };
		560AFC282A1BF62D0054B502 /* DateCell.swift */ = {isa = PBXFileReference; lastKnownFileType = sourcecode.swift; path = DateCell.swift; sourceTree = "<group>"; };
		560AFC2A2A1BF8EB0054B502 /* HomeCVDataSource.swift */ = {isa = PBXFileReference; lastKnownFileType = sourcecode.swift; path = HomeCVDataSource.swift; sourceTree = "<group>"; };
		560AFC382A1C0FC30054B502 /* PieChartFuncs.swift */ = {isa = PBXFileReference; lastKnownFileType = sourcecode.swift; path = PieChartFuncs.swift; sourceTree = "<group>"; };
		560AFC3B2A1C10170054B502 /* ChartsAnimation.swift */ = {isa = PBXFileReference; lastKnownFileType = sourcecode.swift; path = ChartsAnimation.swift; sourceTree = "<group>"; };
		560AFC3D2A1C10680054B502 /* ChartsSetEntries.swift */ = {isa = PBXFileReference; lastKnownFileType = sourcecode.swift; path = ChartsSetEntries.swift; sourceTree = "<group>"; };
		560AFC3F2A1D08D10054B502 /* Category.swift */ = {isa = PBXFileReference; lastKnownFileType = sourcecode.swift; path = Category.swift; sourceTree = "<group>"; };
		560AFC422A1D091F0054B502 /* Record.swift */ = {isa = PBXFileReference; lastKnownFileType = sourcecode.swift; path = Record.swift; sourceTree = "<group>"; };
		56191ECE2A9CBC6D00D47052 /* Date.swift */ = {isa = PBXFileReference; lastKnownFileType = sourcecode.swift; path = Date.swift; sourceTree = "<group>"; };
		5642DAEA2A4080BF00ADF475 /* Dates.swift */ = {isa = PBXFileReference; lastKnownFileType = sourcecode.swift; path = Dates.swift; sourceTree = "<group>"; };
		5642DAEC2A40D2BE00ADF475 /* Int.swift */ = {isa = PBXFileReference; lastKnownFileType = sourcecode.swift; path = Int.swift; sourceTree = "<group>"; };
		5642DB102A4329AB00ADF475 /* TabBar.swift */ = {isa = PBXFileReference; lastKnownFileType = sourcecode.swift; path = TabBar.swift; sourceTree = "<group>"; };
		5642DB132A432B0800ADF475 /* SettingsVC.swift */ = {isa = PBXFileReference; lastKnownFileType = sourcecode.swift; path = SettingsVC.swift; sourceTree = "<group>"; };
		5642DB162A432BA200ADF475 /* BudgetsVC.swift */ = {isa = PBXFileReference; lastKnownFileType = sourcecode.swift; path = BudgetsVC.swift; sourceTree = "<group>"; };
		5642DB242A4DDAC400ADF475 /* BudgetUIFuncs.swift */ = {isa = PBXFileReference; lastKnownFileType = sourcecode.swift; path = BudgetUIFuncs.swift; sourceTree = "<group>"; };
		5642DB262A4DE36300ADF475 /* BudgetUXFuncs.swift */ = {isa = PBXFileReference; lastKnownFileType = sourcecode.swift; path = BudgetUXFuncs.swift; sourceTree = "<group>"; };
		5642DB282A4DE3B700ADF475 /* BudgetActions.swift */ = {isa = PBXFileReference; lastKnownFileType = sourcecode.swift; path = BudgetActions.swift; sourceTree = "<group>"; };
		5642DB2A2A4F313A00ADF475 /* Budget.swift */ = {isa = PBXFileReference; lastKnownFileType = sourcecode.swift; path = Budget.swift; sourceTree = "<group>"; };
		5642DB2D2A4F34CC00ADF475 /* BudgetCVDataSource.swift */ = {isa = PBXFileReference; lastKnownFileType = sourcecode.swift; path = BudgetCVDataSource.swift; sourceTree = "<group>"; };
		5642DB2F2A4F34F900ADF475 /* BudgetCell.swift */ = {isa = PBXFileReference; lastKnownFileType = sourcecode.swift; path = BudgetCell.swift; sourceTree = "<group>"; };
		564F08FD2A531AEE004C89C7 /* AddBudgetVC.swift */ = {isa = PBXFileReference; lastKnownFileType = sourcecode.swift; path = AddBudgetVC.swift; sourceTree = "<group>"; };
		5656E9B52A976E8B00070045 /* ru */ = {isa = PBXFileReference; lastKnownFileType = text.plist.strings; name = ru; path = ru.lproj/LaunchScreen.strings; sourceTree = "<group>"; };
		5656E9B82A97707400070045 /* String.swift */ = {isa = PBXFileReference; lastKnownFileType = sourcecode.swift; path = String.swift; sourceTree = "<group>"; };
		5656E9BB2A97732000070045 /* en */ = {isa = PBXFileReference; lastKnownFileType = text.plist.strings; name = en; path = en.lproj/Localizable.strings; sourceTree = "<group>"; };
		5656E9BD2A97732200070045 /* ru */ = {isa = PBXFileReference; lastKnownFileType = text.plist.strings; name = ru; path = ru.lproj/Localizable.strings; sourceTree = "<group>"; };
		5656E9BE2A9777FA00070045 /* RecordType.swift */ = {isa = PBXFileReference; lastKnownFileType = sourcecode.swift; path = RecordType.swift; sourceTree = "<group>"; };
		56DBB6CD2A3724BC0087271D /* HomeOperationCellCV.swift */ = {isa = PBXFileReference; lastKnownFileType = sourcecode.swift; path = HomeOperationCellCV.swift; sourceTree = "<group>"; };
		56DBB6DC2A3728600087271D /* HomeOperationCell.swift */ = {isa = PBXFileReference; lastKnownFileType = sourcecode.swift; path = HomeOperationCell.swift; sourceTree = "<group>"; };
		56DBB6E92A372E220087271D /* HomeDateCell.swift */ = {isa = PBXFileReference; lastKnownFileType = sourcecode.swift; path = HomeDateCell.swift; sourceTree = "<group>"; };
		56DBB6EB2A372EB60087271D /* HomeCategoryCell.swift */ = {isa = PBXFileReference; lastKnownFileType = sourcecode.swift; path = HomeCategoryCell.swift; sourceTree = "<group>"; };
		56DBB6ED2A37337F0087271D /* HomeDateCellCV.swift */ = {isa = PBXFileReference; lastKnownFileType = sourcecode.swift; path = HomeDateCellCV.swift; sourceTree = "<group>"; };
		56DBB6F12A3738240087271D /* CategoryCell.swift */ = {isa = PBXFileReference; lastKnownFileType = sourcecode.swift; path = CategoryCell.swift; sourceTree = "<group>"; };
		56DBB6F32A37485A0087271D /* OperationCell.swift */ = {isa = PBXFileReference; lastKnownFileType = sourcecode.swift; path = OperationCell.swift; sourceTree = "<group>"; };
		56DBB6F62A3893A80087271D /* Colors.swift */ = {isa = PBXFileReference; lastKnownFileType = sourcecode.swift; path = Colors.swift; sourceTree = "<group>"; };
		56DBB6F82A39D69A0087271D /* OperationHeader.swift */ = {isa = PBXFileReference; lastKnownFileType = sourcecode.swift; path = OperationHeader.swift; sourceTree = "<group>"; };
		56DBB6FB2A3B31DB0087271D /* AddOperationVC.swift */ = {isa = PBXFileReference; lastKnownFileType = sourcecode.swift; path = AddOperationVC.swift; sourceTree = "<group>"; };
		56DBB6FE2A3B36190087271D /* AddOperationTFDelegate.swift */ = {isa = PBXFileReference; lastKnownFileType = sourcecode.swift; path = AddOperationTFDelegate.swift; sourceTree = "<group>"; };
		56DBB7002A3B36D30087271D /* AddOperationUIFuncs.swift */ = {isa = PBXFileReference; lastKnownFileType = sourcecode.swift; path = AddOperationUIFuncs.swift; sourceTree = "<group>"; };
		56DBB7022A3B38470087271D /* AddOperationActions.swift */ = {isa = PBXFileReference; lastKnownFileType = sourcecode.swift; path = AddOperationActions.swift; sourceTree = "<group>"; };
		56DBB7042A3B3A370087271D /* AddOperationUXFuncs.swift */ = {isa = PBXFileReference; lastKnownFileType = sourcecode.swift; path = AddOperationUXFuncs.swift; sourceTree = "<group>"; };
		56DBB7072A3B434C0087271D /* SelectCategoryVC.swift */ = {isa = PBXFileReference; lastKnownFileType = sourcecode.swift; path = SelectCategoryVC.swift; sourceTree = "<group>"; };
		56DBB7092A3B44090087271D /* Categories.swift */ = {isa = PBXFileReference; lastKnownFileType = sourcecode.swift; path = Categories.swift; sourceTree = "<group>"; };
		56DBB70E2A3B4BA90087271D /* SelectCategoryActions.swift */ = {isa = PBXFileReference; lastKnownFileType = sourcecode.swift; path = SelectCategoryActions.swift; sourceTree = "<group>"; };
		56DBB7112A3B4C570087271D /* SelectCategoryCVCell.swift */ = {isa = PBXFileReference; lastKnownFileType = sourcecode.swift; path = SelectCategoryCVCell.swift; sourceTree = "<group>"; };
		56DBB7142A3B4EA60087271D /* SelectCategoryCVDataSource.swift */ = {isa = PBXFileReference; lastKnownFileType = sourcecode.swift; path = SelectCategoryCVDataSource.swift; sourceTree = "<group>"; };
		56DBB7162A3B50140087271D /* SelectCategoryCVDelegate.swift */ = {isa = PBXFileReference; lastKnownFileType = sourcecode.swift; path = SelectCategoryCVDelegate.swift; sourceTree = "<group>"; };
		56DBB7192A3B609E0087271D /* CreateCategoryVC.swift */ = {isa = PBXFileReference; lastKnownFileType = sourcecode.swift; path = CreateCategoryVC.swift; sourceTree = "<group>"; };
		56DBB71C2A3B63310087271D /* CreateCategoryUXFuncs.swift */ = {isa = PBXFileReference; lastKnownFileType = sourcecode.swift; path = CreateCategoryUXFuncs.swift; sourceTree = "<group>"; };
		56DBB71E2A3B641E0087271D /* CreateCategoryUIFuncs.swift */ = {isa = PBXFileReference; lastKnownFileType = sourcecode.swift; path = CreateCategoryUIFuncs.swift; sourceTree = "<group>"; };
		56DBB7202A3B64A00087271D /* CreateCategoryActions.swift */ = {isa = PBXFileReference; lastKnownFileType = sourcecode.swift; path = CreateCategoryActions.swift; sourceTree = "<group>"; };
		56DBB7232A3B667F0087271D /* CreateCategoryCVDataSource.swift */ = {isa = PBXFileReference; lastKnownFileType = sourcecode.swift; path = CreateCategoryCVDataSource.swift; sourceTree = "<group>"; };
		56DBB7252A3B672C0087271D /* CreateCategoryCVDelegate.swift */ = {isa = PBXFileReference; lastKnownFileType = sourcecode.swift; path = CreateCategoryCVDelegate.swift; sourceTree = "<group>"; };
		56DBB7282A3B68B00087271D /* ColorPickerFuncs.swift */ = {isa = PBXFileReference; lastKnownFileType = sourcecode.swift; path = ColorPickerFuncs.swift; sourceTree = "<group>"; };
		56DBB72A2A3B873B0087271D /* SelectCategoryUXFuncs.swift */ = {isa = PBXFileReference; lastKnownFileType = sourcecode.swift; path = SelectCategoryUXFuncs.swift; sourceTree = "<group>"; };
		56EFDFE12A535294003A6A45 /* AddBudgetUIFuncs.swift */ = {isa = PBXFileReference; lastKnownFileType = sourcecode.swift; path = AddBudgetUIFuncs.swift; sourceTree = "<group>"; };
		56EFDFE32A5352EE003A6A45 /* AddBudgetActions.swift */ = {isa = PBXFileReference; lastKnownFileType = sourcecode.swift; path = AddBudgetActions.swift; sourceTree = "<group>"; };
		56EFDFE52A535346003A6A45 /* AddBudgetUXFuncs.swift */ = {isa = PBXFileReference; lastKnownFileType = sourcecode.swift; path = AddBudgetUXFuncs.swift; sourceTree = "<group>"; };
		56EFDFE72A54502E003A6A45 /* Budgets.swift */ = {isa = PBXFileReference; lastKnownFileType = sourcecode.swift; path = Budgets.swift; sourceTree = "<group>"; };
		56EFDFE92A54B631003A6A45 /* AddBudgetTFDelegate.swift */ = {isa = PBXFileReference; lastKnownFileType = sourcecode.swift; path = AddBudgetTFDelegate.swift; sourceTree = "<group>"; };
		56EFDFEB2A574771003A6A45 /* BudgetCVHeader.swift */ = {isa = PBXFileReference; lastKnownFileType = sourcecode.swift; path = BudgetCVHeader.swift; sourceTree = "<group>"; };
		56EFDFED2A5751EC003A6A45 /* BudgetCVDelegate.swift */ = {isa = PBXFileReference; lastKnownFileType = sourcecode.swift; path = BudgetCVDelegate.swift; sourceTree = "<group>"; };
		56EFDFEF2A5D9176003A6A45 /* DaySection.swift */ = {isa = PBXFileReference; lastKnownFileType = sourcecode.swift; path = DaySection.swift; sourceTree = "<group>"; };
		6ACC031EA868D157367C8909 /* Pods_CoinTail.framework */ = {isa = PBXFileReference; explicitFileType = wrapper.framework; includeInIndex = 0; path = Pods_CoinTail.framework; sourceTree = BUILT_PRODUCTS_DIR; };
/* End PBXFileReference section */

/* Begin PBXFrameworksBuildPhase section */
		560AFBBA2A1394A30054B502 /* Frameworks */ = {
			isa = PBXFrameworksBuildPhase;
			buildActionMask = 2147483647;
			files = (
				E5855FAACB0F5BAB10E0B540 /* Pods_CoinTail.framework in Frameworks */,
			);
			runOnlyForDeploymentPostprocessing = 0;
		};
/* End PBXFrameworksBuildPhase section */

/* Begin PBXGroup section */
		560AFBB42A1394A30054B502 = {
			isa = PBXGroup;
			children = (
				560AFBBF2A1394A30054B502 /* CoinTail */,
				560AFBBE2A1394A30054B502 /* Products */,
				F53419FB73A201142E6555E8 /* Pods */,
				B704041C96A7255F8F46EDC5 /* Frameworks */,
			);
			sourceTree = "<group>";
		};
		560AFBBE2A1394A30054B502 /* Products */ = {
			isa = PBXGroup;
			children = (
				560AFBBD2A1394A30054B502 /* CoinTail.app */,
			);
			name = Products;
			sourceTree = "<group>";
		};
		560AFBBF2A1394A30054B502 /* CoinTail */ = {
			isa = PBXGroup;
			children = (
				56DBB6CB2A3358F10087271D /* Application */,
				560AFC1A2A1BEE4E0054B502 /* Storage */,
				5642DB0F2A43297500ADF475 /* TabBar */,
				560AFBD82A13B2450054B502 /* Extensions */,
				560AFBD72A1394EC0054B502 /* Resources */,
			);
			path = CoinTail;
			sourceTree = "<group>";
		};
		560AFBD72A1394EC0054B502 /* Resources */ = {
			isa = PBXGroup;
			children = (
				560AFBCC2A1394A40054B502 /* Assets.xcassets */,
				5656E9BC2A97732000070045 /* Localizable.strings */,
			);
			path = Resources;
			sourceTree = "<group>";
		};
		560AFBD82A13B2450054B502 /* Extensions */ = {
			isa = PBXGroup;
			children = (
				560AFBED2A13C1CA0054B502 /* Controllers */,
				560AFBDC2A13B2A40054B502 /* UIKit */,
				560AFBD92A13B2550054B502 /* Foundation */,
			);
			path = Extensions;
			sourceTree = "<group>";
		};
		560AFBD92A13B2550054B502 /* Foundation */ = {
			isa = PBXGroup;
			children = (
				560AFBDA2A13B26A0054B502 /* Array.swift */,
				5642DAEC2A40D2BE00ADF475 /* Int.swift */,
				5656E9B82A97707400070045 /* String.swift */,
				56191ECE2A9CBC6D00D47052 /* Date.swift */,
			);
			path = Foundation;
			sourceTree = "<group>";
		};
		560AFBDC2A13B2A40054B502 /* UIKit */ = {
			isa = PBXGroup;
			children = (
				560AFBDF2A13B2E40054B502 /* UIButton.swift */,
				560AFBE72A13B5520054B502 /* UILabel.swift */,
				560AFBE92A13B5EA0054B502 /* UISegmentedControl.swift */,
				560AFBEB2A13BF110054B502 /* UITextField.swift */,
			);
			path = UIKit;
			sourceTree = "<group>";
		};
		560AFBED2A13C1CA0054B502 /* Controllers */ = {
			isa = PBXGroup;
			children = (
				560AFBEE2A13C1D30054B502 /* BasicVC */,
			);
			path = Controllers;
			sourceTree = "<group>";
		};
		560AFBEE2A13C1D30054B502 /* BasicVC */ = {
			isa = PBXGroup;
			children = (
				560AFBEF2A13C1DF0054B502 /* BasicVC.swift */,
				560AFBF12A13C28E0054B502 /* BasicVCFuncs.swift */,
			);
			path = BasicVC;
			sourceTree = "<group>";
		};
		560AFBFE2A16AF030054B502 /* Home */ = {
			isa = PBXGroup;
			children = (
				56DBB6FA2A3B2AF60087271D /* AddOperation */,
				560AFC232A1BF5510054B502 /* HomeCV */,
				560AFBFF2A16AF200054B502 /* HomeFuncs */,
				560AFBC42A1394A30054B502 /* HomeVC.swift */,
			);
			path = Home;
			sourceTree = "<group>";
		};
		560AFBFF2A16AF200054B502 /* HomeFuncs */ = {
			isa = PBXGroup;
			children = (
				560AFC022A16AF5A0054B502 /* HomeUIFuncs.swift */,
				560AFC042A16B06D0054B502 /* HomeUXFuncs.swift */,
				560AFC182A1BAC810054B502 /* HomeActions.swift */,
			);
			path = HomeFuncs;
			sourceTree = "<group>";
		};
		560AFC1A2A1BEE4E0054B502 /* Storage */ = {
			isa = PBXGroup;
			children = (
				560AFC412A1D09030054B502 /* Structs */,
				560AFC1B2A1BEE640054B502 /* Records.swift */,
				56DBB7092A3B44090087271D /* Categories.swift */,
				56DBB6F62A3893A80087271D /* Colors.swift */,
				56EFDFE72A54502E003A6A45 /* Budgets.swift */,
			);
			path = Storage;
			sourceTree = "<group>";
		};
		560AFC232A1BF5510054B502 /* HomeCV */ = {
			isa = PBXGroup;
			children = (
				56DBB6DA2A3728390087271D /* HomeGlobalCV */,
				560AFC2A2A1BF8EB0054B502 /* HomeCVDataSource.swift */,
			);
			path = HomeCV;
			sourceTree = "<group>";
		};
		560AFC242A1BF5720054B502 /* HomeDateCV */ = {
			isa = PBXGroup;
			children = (
				56DBB6EF2A3735360087271D /* Cells */,
				56DBB6E92A372E220087271D /* HomeDateCell.swift */,
				56DBB6ED2A37337F0087271D /* HomeDateCellCV.swift */,
			);
			path = HomeDateCV;
			sourceTree = "<group>";
		};
		560AFC252A1BF5850054B502 /* HomeCategoryCV */ = {
			isa = PBXGroup;
			children = (
				560AFC362A1C0EDC0054B502 /* HomeCharts */,
				56DBB6F02A3738170087271D /* Cells */,
				56DBB6EB2A372EB60087271D /* HomeCategoryCell.swift */,
				560AFC262A1BF5A30054B502 /* HomeCategoryCellCV.swift */,
			);
			path = HomeCategoryCV;
			sourceTree = "<group>";
		};
		560AFC362A1C0EDC0054B502 /* HomeCharts */ = {
			isa = PBXGroup;
			children = (
				560AFC3A2A1C0FFD0054B502 /* ChartsFuncs */,
				560AFC372A1C0F910054B502 /* PieChart */,
			);
			path = HomeCharts;
			sourceTree = "<group>";
		};
		560AFC372A1C0F910054B502 /* PieChart */ = {
			isa = PBXGroup;
			children = (
				560AFC382A1C0FC30054B502 /* PieChartFuncs.swift */,
			);
			path = PieChart;
			sourceTree = "<group>";
		};
		560AFC3A2A1C0FFD0054B502 /* ChartsFuncs */ = {
			isa = PBXGroup;
			children = (
				560AFC3B2A1C10170054B502 /* ChartsAnimation.swift */,
				560AFC3D2A1C10680054B502 /* ChartsSetEntries.swift */,
			);
			path = ChartsFuncs;
			sourceTree = "<group>";
		};
		560AFC412A1D09030054B502 /* Structs */ = {
			isa = PBXGroup;
			children = (
				560AFC1E2A1BF4970054B502 /* MonthSection.swift */,
				56EFDFEF2A5D9176003A6A45 /* DaySection.swift */,
				560AFC3F2A1D08D10054B502 /* Category.swift */,
				560AFC422A1D091F0054B502 /* Record.swift */,
				5642DAEA2A4080BF00ADF475 /* Dates.swift */,
				5642DB2A2A4F313A00ADF475 /* Budget.swift */,
				5656E9BE2A9777FA00070045 /* RecordType.swift */,
			);
			path = Structs;
			sourceTree = "<group>";
		};
		5642DB0F2A43297500ADF475 /* TabBar */ = {
			isa = PBXGroup;
			children = (
				560AFBFE2A16AF030054B502 /* Home */,
				5642DB152A432B9000ADF475 /* Budgets */,
				5642DB122A432AFB00ADF475 /* Settings */,
				5642DB102A4329AB00ADF475 /* TabBar.swift */,
			);
			path = TabBar;
			sourceTree = "<group>";
		};
		5642DB122A432AFB00ADF475 /* Settings */ = {
			isa = PBXGroup;
			children = (
				5642DB132A432B0800ADF475 /* SettingsVC.swift */,
			);
			path = Settings;
			sourceTree = "<group>";
		};
		5642DB152A432B9000ADF475 /* Budgets */ = {
			isa = PBXGroup;
			children = (
				564F08FC2A531ABC004C89C7 /* AddBudget */,
				5642DB2C2A4F34B900ADF475 /* BudgetCV */,
				5642DB232A4DDAB000ADF475 /* BudgetFuncs */,
				5642DB162A432BA200ADF475 /* BudgetsVC.swift */,
			);
			path = Budgets;
			sourceTree = "<group>";
		};
		5642DB232A4DDAB000ADF475 /* BudgetFuncs */ = {
			isa = PBXGroup;
			children = (
				5642DB262A4DE36300ADF475 /* BudgetUXFuncs.swift */,
				5642DB242A4DDAC400ADF475 /* BudgetUIFuncs.swift */,
				5642DB282A4DE3B700ADF475 /* BudgetActions.swift */,
			);
			path = BudgetFuncs;
			sourceTree = "<group>";
		};
		5642DB2C2A4F34B900ADF475 /* BudgetCV */ = {
			isa = PBXGroup;
			children = (
				5642DB2D2A4F34CC00ADF475 /* BudgetCVDataSource.swift */,
				56EFDFED2A5751EC003A6A45 /* BudgetCVDelegate.swift */,
				5642DB2F2A4F34F900ADF475 /* BudgetCell.swift */,
				56EFDFEB2A574771003A6A45 /* BudgetCVHeader.swift */,
			);
			path = BudgetCV;
			sourceTree = "<group>";
		};
		564F08FC2A531ABC004C89C7 /* AddBudget */ = {
			isa = PBXGroup;
			children = (
				56EFDFE02A535283003A6A45 /* AddBudgetFuncs */,
				564F08FD2A531AEE004C89C7 /* AddBudgetVC.swift */,
			);
			path = AddBudget;
			sourceTree = "<group>";
		};
		56DBB6CB2A3358F10087271D /* Application */ = {
			isa = PBXGroup;
			children = (
				560AFBCE2A1394A40054B502 /* LaunchScreen.storyboard */,
				560AFBC02A1394A30054B502 /* AppDelegate.swift */,
				560AFBD12A1394A40054B502 /* Info.plist */,
				560AFBC92A1394A30054B502 /* CoinTail.xcdatamodeld */,
			);
			path = Application;
			sourceTree = "<group>";
		};
		56DBB6CC2A3724AB0087271D /* HomeOperationCV */ = {
			isa = PBXGroup;
			children = (
				56DBB6F52A3748780087271D /* Cells */,
				56DBB6DC2A3728600087271D /* HomeOperationCell.swift */,
				56DBB6CD2A3724BC0087271D /* HomeOperationCellCV.swift */,
			);
			path = HomeOperationCV;
			sourceTree = "<group>";
		};
		56DBB6DA2A3728390087271D /* HomeGlobalCV */ = {
			isa = PBXGroup;
			children = (
				560AFC252A1BF5850054B502 /* HomeCategoryCV */,
				560AFC242A1BF5720054B502 /* HomeDateCV */,
				56DBB6CC2A3724AB0087271D /* HomeOperationCV */,
			);
			path = HomeGlobalCV;
			sourceTree = "<group>";
		};
		56DBB6EF2A3735360087271D /* Cells */ = {
			isa = PBXGroup;
			children = (
				560AFC282A1BF62D0054B502 /* DateCell.swift */,
			);
			path = Cells;
			sourceTree = "<group>";
		};
		56DBB6F02A3738170087271D /* Cells */ = {
			isa = PBXGroup;
			children = (
				56DBB6F12A3738240087271D /* CategoryCell.swift */,
			);
			path = Cells;
			sourceTree = "<group>";
		};
		56DBB6F52A3748780087271D /* Cells */ = {
			isa = PBXGroup;
			children = (
				56DBB6F32A37485A0087271D /* OperationCell.swift */,
				56DBB6F82A39D69A0087271D /* OperationHeader.swift */,
			);
			path = Cells;
			sourceTree = "<group>";
		};
		56DBB6FA2A3B2AF60087271D /* AddOperation */ = {
			isa = PBXGroup;
			children = (
				56DBB7062A3B43350087271D /* SelectCategory */,
				56DBB6FD2A3B35FF0087271D /* AddOperationFuncs */,
				56DBB6FB2A3B31DB0087271D /* AddOperationVC.swift */,
			);
			path = AddOperation;
			sourceTree = "<group>";
		};
		56DBB6FD2A3B35FF0087271D /* AddOperationFuncs */ = {
			isa = PBXGroup;
			children = (
				56DBB6FE2A3B36190087271D /* AddOperationTFDelegate.swift */,
				56DBB7002A3B36D30087271D /* AddOperationUIFuncs.swift */,
				56DBB7022A3B38470087271D /* AddOperationActions.swift */,
				56DBB7042A3B3A370087271D /* AddOperationUXFuncs.swift */,
			);
			path = AddOperationFuncs;
			sourceTree = "<group>";
		};
		56DBB7062A3B43350087271D /* SelectCategory */ = {
			isa = PBXGroup;
			children = (
				56DBB7182A3B60790087271D /* CreateCategory */,
				56DBB7132A3B4E470087271D /* SelectCategoryCV */,
				56DBB7102A3B4C470087271D /* SelectCategoryCVCell */,
				56DBB70B2A3B4A880087271D /* SelectCategoryFuncs */,
				56DBB7072A3B434C0087271D /* SelectCategoryVC.swift */,
			);
			path = SelectCategory;
			sourceTree = "<group>";
		};
		56DBB70B2A3B4A880087271D /* SelectCategoryFuncs */ = {
			isa = PBXGroup;
			children = (
				56DBB70E2A3B4BA90087271D /* SelectCategoryActions.swift */,
				56DBB72A2A3B873B0087271D /* SelectCategoryUXFuncs.swift */,
			);
			path = SelectCategoryFuncs;
			sourceTree = "<group>";
		};
		56DBB7102A3B4C470087271D /* SelectCategoryCVCell */ = {
			isa = PBXGroup;
			children = (
				56DBB7112A3B4C570087271D /* SelectCategoryCVCell.swift */,
			);
			path = SelectCategoryCVCell;
			sourceTree = "<group>";
		};
		56DBB7132A3B4E470087271D /* SelectCategoryCV */ = {
			isa = PBXGroup;
			children = (
				56DBB7142A3B4EA60087271D /* SelectCategoryCVDataSource.swift */,
				56DBB7162A3B50140087271D /* SelectCategoryCVDelegate.swift */,
			);
			path = SelectCategoryCV;
			sourceTree = "<group>";
		};
		56DBB7182A3B60790087271D /* CreateCategory */ = {
			isa = PBXGroup;
			children = (
				56DBB7272A3B68800087271D /* ColorPicker */,
				56DBB7222A3B666E0087271D /* CreateCategoryCV */,
				56DBB71B2A3B63150087271D /* CreateCategoryFuncs */,
				56DBB7192A3B609E0087271D /* CreateCategoryVC.swift */,
			);
			path = CreateCategory;
			sourceTree = "<group>";
		};
		56DBB71B2A3B63150087271D /* CreateCategoryFuncs */ = {
			isa = PBXGroup;
			children = (
				56DBB71C2A3B63310087271D /* CreateCategoryUXFuncs.swift */,
				56DBB71E2A3B641E0087271D /* CreateCategoryUIFuncs.swift */,
				56DBB7202A3B64A00087271D /* CreateCategoryActions.swift */,
			);
			path = CreateCategoryFuncs;
			sourceTree = "<group>";
		};
		56DBB7222A3B666E0087271D /* CreateCategoryCV */ = {
			isa = PBXGroup;
			children = (
				56DBB7232A3B667F0087271D /* CreateCategoryCVDataSource.swift */,
				56DBB7252A3B672C0087271D /* CreateCategoryCVDelegate.swift */,
			);
			path = CreateCategoryCV;
			sourceTree = "<group>";
		};
		56DBB7272A3B68800087271D /* ColorPicker */ = {
			isa = PBXGroup;
			children = (
				56DBB7282A3B68B00087271D /* ColorPickerFuncs.swift */,
			);
			path = ColorPicker;
			sourceTree = "<group>";
		};
		56EFDFE02A535283003A6A45 /* AddBudgetFuncs */ = {
			isa = PBXGroup;
			children = (
				56EFDFE12A535294003A6A45 /* AddBudgetUIFuncs.swift */,
				56EFDFE32A5352EE003A6A45 /* AddBudgetActions.swift */,
				56EFDFE52A535346003A6A45 /* AddBudgetUXFuncs.swift */,
				56EFDFE92A54B631003A6A45 /* AddBudgetTFDelegate.swift */,
			);
			path = AddBudgetFuncs;
			sourceTree = "<group>";
		};
		B704041C96A7255F8F46EDC5 /* Frameworks */ = {
			isa = PBXGroup;
			children = (
				6ACC031EA868D157367C8909 /* Pods_CoinTail.framework */,
			);
			name = Frameworks;
			sourceTree = "<group>";
		};
		F53419FB73A201142E6555E8 /* Pods */ = {
			isa = PBXGroup;
			children = (
				337406C96CB14EDA9269499E /* Pods-CoinTail.debug.xcconfig */,
				0D0E1BEF680C3CC318929DA7 /* Pods-CoinTail.release.xcconfig */,
			);
			path = Pods;
			sourceTree = "<group>";
		};
/* End PBXGroup section */

/* Begin PBXNativeTarget section */
		560AFBBC2A1394A30054B502 /* CoinTail */ = {
			isa = PBXNativeTarget;
			buildConfigurationList = 560AFBD42A1394A40054B502 /* Build configuration list for PBXNativeTarget "CoinTail" */;
			buildPhases = (
				1816A0B241957AB025818C37 /* [CP] Check Pods Manifest.lock */,
				560AFBB92A1394A30054B502 /* Sources */,
				560AFBBA2A1394A30054B502 /* Frameworks */,
				560AFBBB2A1394A30054B502 /* Resources */,
				56FEDCE42A2F8189003E2E25 /* ShellScript */,
				9C6F2CD8E883EA2DFB323AE9 /* [CP] Embed Pods Frameworks */,
			);
			buildRules = (
			);
			dependencies = (
			);
			name = CoinTail;
			productName = CoinTail;
			productReference = 560AFBBD2A1394A30054B502 /* CoinTail.app */;
			productType = "com.apple.product-type.application";
		};
/* End PBXNativeTarget section */

/* Begin PBXProject section */
		560AFBB52A1394A30054B502 /* Project object */ = {
			isa = PBXProject;
			attributes = {
				BuildIndependentTargetsInParallel = 1;
				LastSwiftUpdateCheck = 1430;
				LastUpgradeCheck = 1430;
				TargetAttributes = {
					560AFBBC2A1394A30054B502 = {
						CreatedOnToolsVersion = 14.3;
					};
				};
			};
			buildConfigurationList = 560AFBB82A1394A30054B502 /* Build configuration list for PBXProject "CoinTail" */;
			compatibilityVersion = "Xcode 13.0";
			developmentRegion = en;
			hasScannedForEncodings = 0;
			knownRegions = (
				en,
				Base,
				ru,
			);
			mainGroup = 560AFBB42A1394A30054B502;
			productRefGroup = 560AFBBE2A1394A30054B502 /* Products */;
			projectDirPath = "";
			projectRoot = "";
			targets = (
				560AFBBC2A1394A30054B502 /* CoinTail */,
			);
		};
/* End PBXProject section */

/* Begin PBXResourcesBuildPhase section */
		560AFBBB2A1394A30054B502 /* Resources */ = {
			isa = PBXResourcesBuildPhase;
			buildActionMask = 2147483647;
			files = (
				560AFBD02A1394A40054B502 /* LaunchScreen.storyboard in Resources */,
				5656E9BA2A97732000070045 /* Localizable.strings in Resources */,
				560AFBCD2A1394A40054B502 /* Assets.xcassets in Resources */,
			);
			runOnlyForDeploymentPostprocessing = 0;
		};
/* End PBXResourcesBuildPhase section */

/* Begin PBXShellScriptBuildPhase section */
		1816A0B241957AB025818C37 /* [CP] Check Pods Manifest.lock */ = {
			isa = PBXShellScriptBuildPhase;
			buildActionMask = 2147483647;
			files = (
			);
			inputFileListPaths = (
			);
			inputPaths = (
				"${PODS_PODFILE_DIR_PATH}/Podfile.lock",
				"${PODS_ROOT}/Manifest.lock",
			);
			name = "[CP] Check Pods Manifest.lock";
			outputFileListPaths = (
			);
			outputPaths = (
				"$(DERIVED_FILE_DIR)/Pods-CoinTail-checkManifestLockResult.txt",
			);
			runOnlyForDeploymentPostprocessing = 0;
			shellPath = /bin/sh;
			shellScript = "diff \"${PODS_PODFILE_DIR_PATH}/Podfile.lock\" \"${PODS_ROOT}/Manifest.lock\" > /dev/null\nif [ $? != 0 ] ; then\n    # print error to STDERR\n    echo \"error: The sandbox is not in sync with the Podfile.lock. Run 'pod install' or update your CocoaPods installation.\" >&2\n    exit 1\nfi\n# This output is used by Xcode 'outputs' to avoid re-running this script phase.\necho \"SUCCESS\" > \"${SCRIPT_OUTPUT_FILE_0}\"\n";
			showEnvVarsInLog = 0;
		};
		56FEDCE42A2F8189003E2E25 /* ShellScript */ = {
			isa = PBXShellScriptBuildPhase;
			buildActionMask = 12;
			files = (
			);
			inputFileListPaths = (
			);
			inputPaths = (
			);
			outputFileListPaths = (
			);
			outputPaths = (
			);
			runOnlyForDeploymentPostprocessing = 0;
			shellPath = /bin/sh;
			shellScript = "if [[ \"$(uname -m)\" == arm64 ]]; then\n    export PATH=\"/opt/homebrew/bin:$PATH\"\nfi\n\nif which swiftlint > /dev/null; then\n  swiftlint\nelse\n  echo \"warning: SwiftLint not installed, download from https://github.com/realm/SwiftLint\"\nfi\n";
		};
		9C6F2CD8E883EA2DFB323AE9 /* [CP] Embed Pods Frameworks */ = {
			isa = PBXShellScriptBuildPhase;
			buildActionMask = 2147483647;
			files = (
			);
			inputFileListPaths = (
				"${PODS_ROOT}/Target Support Files/Pods-CoinTail/Pods-CoinTail-frameworks-${CONFIGURATION}-input-files.xcfilelist",
			);
			name = "[CP] Embed Pods Frameworks";
			outputFileListPaths = (
				"${PODS_ROOT}/Target Support Files/Pods-CoinTail/Pods-CoinTail-frameworks-${CONFIGURATION}-output-files.xcfilelist",
			);
			runOnlyForDeploymentPostprocessing = 0;
			shellPath = /bin/sh;
			shellScript = "\"${PODS_ROOT}/Target Support Files/Pods-CoinTail/Pods-CoinTail-frameworks.sh\"\n";
			showEnvVarsInLog = 0;
		};
/* End PBXShellScriptBuildPhase section */

/* Begin PBXSourcesBuildPhase section */
		560AFBB92A1394A30054B502 /* Sources */ = {
			isa = PBXSourcesBuildPhase;
			buildActionMask = 2147483647;
			files = (
				560AFC402A1D08D10054B502 /* Category.swift in Sources */,
				56DBB6EC2A372EB60087271D /* HomeCategoryCell.swift in Sources */,
				56DBB7152A3B4EA60087271D /* SelectCategoryCVDataSource.swift in Sources */,
				56DBB7082A3B434C0087271D /* SelectCategoryVC.swift in Sources */,
				5656E9B92A97707500070045 /* String.swift in Sources */,
				5642DB172A432BA200ADF475 /* BudgetsVC.swift in Sources */,
				56DBB6F42A37485A0087271D /* OperationCell.swift in Sources */,
				56EFDFF02A5D9176003A6A45 /* DaySection.swift in Sources */,
				5642DB252A4DDAC400ADF475 /* BudgetUIFuncs.swift in Sources */,
				5642DAEB2A4080BF00ADF475 /* Dates.swift in Sources */,
				56DBB71F2A3B641E0087271D /* CreateCategoryUIFuncs.swift in Sources */,
				56DBB7012A3B36D30087271D /* AddOperationUIFuncs.swift in Sources */,
				56EFDFE62A535346003A6A45 /* AddBudgetUXFuncs.swift in Sources */,
				56DBB7052A3B3A370087271D /* AddOperationUXFuncs.swift in Sources */,
				56DBB72B2A3B873B0087271D /* SelectCategoryUXFuncs.swift in Sources */,
				5642DB2E2A4F34CC00ADF475 /* BudgetCVDataSource.swift in Sources */,
				560AFC272A1BF5A30054B502 /* HomeCategoryCellCV.swift in Sources */,
				560AFC392A1C0FC30054B502 /* PieChartFuncs.swift in Sources */,
				564F08FE2A531AEE004C89C7 /* AddBudgetVC.swift in Sources */,
				56DBB6F92A39D69A0087271D /* OperationHeader.swift in Sources */,
				5642DB142A432B0800ADF475 /* SettingsVC.swift in Sources */,
				560AFBEC2A13BF110054B502 /* UITextField.swift in Sources */,
				560AFC032A16AF5A0054B502 /* HomeUIFuncs.swift in Sources */,
				560AFC2B2A1BF8EB0054B502 /* HomeCVDataSource.swift in Sources */,
				5642DB292A4DE3B700ADF475 /* BudgetActions.swift in Sources */,
				56DBB6FC2A3B31DB0087271D /* AddOperationVC.swift in Sources */,
				56EFDFEA2A54B631003A6A45 /* AddBudgetTFDelegate.swift in Sources */,
				560AFC1F2A1BF4970054B502 /* MonthSection.swift in Sources */,
				56EFDFE22A535294003A6A45 /* AddBudgetUIFuncs.swift in Sources */,
				5642DB112A4329AB00ADF475 /* TabBar.swift in Sources */,
				56DBB71D2A3B63310087271D /* CreateCategoryUXFuncs.swift in Sources */,
				56191ECF2A9CBC6D00D47052 /* Date.swift in Sources */,
				56DBB7212A3B64A00087271D /* CreateCategoryActions.swift in Sources */,
				56EFDFE82A54502E003A6A45 /* Budgets.swift in Sources */,
				560AFBCB2A1394A30054B502 /* CoinTail.xcdatamodeld in Sources */,
				5642DB302A4F34F900ADF475 /* BudgetCell.swift in Sources */,
				560AFC292A1BF62D0054B502 /* DateCell.swift in Sources */,
				56DBB70A2A3B44090087271D /* Categories.swift in Sources */,
				560AFC052A16B06D0054B502 /* HomeUXFuncs.swift in Sources */,
				560AFC192A1BAC810054B502 /* HomeActions.swift in Sources */,
				56EFDFEC2A574771003A6A45 /* BudgetCVHeader.swift in Sources */,
				560AFBDB2A13B26A0054B502 /* Array.swift in Sources */,
				56DBB7292A3B68B00087271D /* ColorPickerFuncs.swift in Sources */,
				56DBB6FF2A3B36190087271D /* AddOperationTFDelegate.swift in Sources */,
				56DBB6CE2A3724BC0087271D /* HomeOperationCellCV.swift in Sources */,
				560AFBC52A1394A30054B502 /* HomeVC.swift in Sources */,
				56DBB7172A3B50140087271D /* SelectCategoryCVDelegate.swift in Sources */,
				560AFC1C2A1BEE640054B502 /* Records.swift in Sources */,
				5642DAED2A40D2BE00ADF475 /* Int.swift in Sources */,
				56DBB70F2A3B4BA90087271D /* SelectCategoryActions.swift in Sources */,
				5656E9BF2A9777FA00070045 /* RecordType.swift in Sources */,
				56DBB71A2A3B609E0087271D /* CreateCategoryVC.swift in Sources */,
				560AFBC12A1394A30054B502 /* AppDelegate.swift in Sources */,
				56DBB7262A3B672C0087271D /* CreateCategoryCVDelegate.swift in Sources */,
				56DBB6EE2A37337F0087271D /* HomeDateCellCV.swift in Sources */,
				5642DB272A4DE36300ADF475 /* BudgetUXFuncs.swift in Sources */,
				56DBB7032A3B38470087271D /* AddOperationActions.swift in Sources */,
				56EFDFE42A5352EE003A6A45 /* AddBudgetActions.swift in Sources */,
				560AFBF22A13C28E0054B502 /* BasicVCFuncs.swift in Sources */,
				56DBB6F22A3738240087271D /* CategoryCell.swift in Sources */,
				560AFBE82A13B5520054B502 /* UILabel.swift in Sources */,
				560AFC432A1D091F0054B502 /* Record.swift in Sources */,
				56EFDFEE2A5751EC003A6A45 /* BudgetCVDelegate.swift in Sources */,
				560AFBE02A13B2E40054B502 /* UIButton.swift in Sources */,
				560AFC3E2A1C10680054B502 /* ChartsSetEntries.swift in Sources */,
				56DBB6EA2A372E220087271D /* HomeDateCell.swift in Sources */,
				560AFBEA2A13B5EA0054B502 /* UISegmentedControl.swift in Sources */,
				56DBB7122A3B4C570087271D /* SelectCategoryCVCell.swift in Sources */,
				56DBB6F72A3893A80087271D /* Colors.swift in Sources */,
				56DBB7242A3B667F0087271D /* CreateCategoryCVDataSource.swift in Sources */,
				5642DB2B2A4F313A00ADF475 /* Budget.swift in Sources */,
				56DBB6DD2A3728600087271D /* HomeOperationCell.swift in Sources */,
				560AFBF02A13C1DF0054B502 /* BasicVC.swift in Sources */,
				560AFC3C2A1C10170054B502 /* ChartsAnimation.swift in Sources */,
			);
			runOnlyForDeploymentPostprocessing = 0;
		};
/* End PBXSourcesBuildPhase section */

/* Begin PBXVariantGroup section */
		560AFBCE2A1394A40054B502 /* LaunchScreen.storyboard */ = {
			isa = PBXVariantGroup;
			children = (
				560AFBCF2A1394A40054B502 /* Base */,
				5656E9B52A976E8B00070045 /* ru */,
			);
			name = LaunchScreen.storyboard;
			sourceTree = "<group>";
		};
		5656E9BC2A97732000070045 /* Localizable.strings */ = {
			isa = PBXVariantGroup;
			children = (
				5656E9BB2A97732000070045 /* en */,
				5656E9BD2A97732200070045 /* ru */,
			);
			name = Localizable.strings;
			sourceTree = "<group>";
		};
/* End PBXVariantGroup section */

/* Begin XCBuildConfiguration section */
		560AFBD22A1394A40054B502 /* Debug */ = {
			isa = XCBuildConfiguration;
			buildSettings = {
				ALWAYS_SEARCH_USER_PATHS = NO;
				CLANG_ANALYZER_LOCALIZABILITY_NONLOCALIZED = YES;
				CLANG_ANALYZER_NONNULL = YES;
				CLANG_ANALYZER_NUMBER_OBJECT_CONVERSION = YES_AGGRESSIVE;
				CLANG_CXX_LANGUAGE_STANDARD = "gnu++20";
				CLANG_ENABLE_MODULES = YES;
				CLANG_ENABLE_OBJC_ARC = YES;
				CLANG_ENABLE_OBJC_WEAK = YES;
				CLANG_WARN_BLOCK_CAPTURE_AUTORELEASING = YES;
				CLANG_WARN_BOOL_CONVERSION = YES;
				CLANG_WARN_COMMA = YES;
				CLANG_WARN_CONSTANT_CONVERSION = YES;
				CLANG_WARN_DEPRECATED_OBJC_IMPLEMENTATIONS = YES;
				CLANG_WARN_DIRECT_OBJC_ISA_USAGE = YES_ERROR;
				CLANG_WARN_DOCUMENTATION_COMMENTS = YES;
				CLANG_WARN_EMPTY_BODY = YES;
				CLANG_WARN_ENUM_CONVERSION = YES;
				CLANG_WARN_INFINITE_RECURSION = YES;
				CLANG_WARN_INT_CONVERSION = YES;
				CLANG_WARN_NON_LITERAL_NULL_CONVERSION = YES;
				CLANG_WARN_OBJC_IMPLICIT_RETAIN_SELF = YES;
				CLANG_WARN_OBJC_LITERAL_CONVERSION = YES;
				CLANG_WARN_OBJC_ROOT_CLASS = YES_ERROR;
				CLANG_WARN_QUOTED_INCLUDE_IN_FRAMEWORK_HEADER = NO;
				CLANG_WARN_RANGE_LOOP_ANALYSIS = YES;
				CLANG_WARN_STRICT_PROTOTYPES = YES;
				CLANG_WARN_SUSPICIOUS_MOVE = YES;
				CLANG_WARN_UNGUARDED_AVAILABILITY = YES_AGGRESSIVE;
				CLANG_WARN_UNREACHABLE_CODE = YES;
				CLANG_WARN__DUPLICATE_METHOD_MATCH = YES;
				COPY_PHASE_STRIP = NO;
				DEBUG_INFORMATION_FORMAT = dwarf;
				ENABLE_STRICT_OBJC_MSGSEND = YES;
				ENABLE_TESTABILITY = YES;
				GCC_C_LANGUAGE_STANDARD = gnu11;
				GCC_DYNAMIC_NO_PIC = NO;
				GCC_NO_COMMON_BLOCKS = YES;
				GCC_OPTIMIZATION_LEVEL = 0;
				GCC_PREPROCESSOR_DEFINITIONS = (
					"DEBUG=1",
					"$(inherited)",
				);
				GCC_WARN_64_TO_32_BIT_CONVERSION = YES;
				GCC_WARN_ABOUT_RETURN_TYPE = YES_ERROR;
				GCC_WARN_UNDECLARED_SELECTOR = YES;
				GCC_WARN_UNINITIALIZED_AUTOS = YES_AGGRESSIVE;
				GCC_WARN_UNUSED_FUNCTION = YES;
				GCC_WARN_UNUSED_VARIABLE = YES;
				IPHONEOS_DEPLOYMENT_TARGET = 16.4;
				LD_QUOTE_LINKER_ARGUMENTS_FOR_COMPILER_DRIVER = YES;
				MTL_ENABLE_DEBUG_INFO = INCLUDE_SOURCE;
				MTL_FAST_MATH = YES;
				ONLY_ACTIVE_ARCH = YES;
				OTHER_LDFLAGS = "-Wno-quoted-include-in-framework-header";
				SDKROOT = iphoneos;
				SWIFT_ACTIVE_COMPILATION_CONDITIONS = DEBUG;
				SWIFT_OPTIMIZATION_LEVEL = "-Onone";
			};
			name = Debug;
		};
		560AFBD32A1394A40054B502 /* Release */ = {
			isa = XCBuildConfiguration;
			buildSettings = {
				ALWAYS_SEARCH_USER_PATHS = NO;
				CLANG_ANALYZER_LOCALIZABILITY_NONLOCALIZED = YES;
				CLANG_ANALYZER_NONNULL = YES;
				CLANG_ANALYZER_NUMBER_OBJECT_CONVERSION = YES_AGGRESSIVE;
				CLANG_CXX_LANGUAGE_STANDARD = "gnu++20";
				CLANG_ENABLE_MODULES = YES;
				CLANG_ENABLE_OBJC_ARC = YES;
				CLANG_ENABLE_OBJC_WEAK = YES;
				CLANG_WARN_BLOCK_CAPTURE_AUTORELEASING = YES;
				CLANG_WARN_BOOL_CONVERSION = YES;
				CLANG_WARN_COMMA = YES;
				CLANG_WARN_CONSTANT_CONVERSION = YES;
				CLANG_WARN_DEPRECATED_OBJC_IMPLEMENTATIONS = YES;
				CLANG_WARN_DIRECT_OBJC_ISA_USAGE = YES_ERROR;
				CLANG_WARN_DOCUMENTATION_COMMENTS = YES;
				CLANG_WARN_EMPTY_BODY = YES;
				CLANG_WARN_ENUM_CONVERSION = YES;
				CLANG_WARN_INFINITE_RECURSION = YES;
				CLANG_WARN_INT_CONVERSION = YES;
				CLANG_WARN_NON_LITERAL_NULL_CONVERSION = YES;
				CLANG_WARN_OBJC_IMPLICIT_RETAIN_SELF = YES;
				CLANG_WARN_OBJC_LITERAL_CONVERSION = YES;
				CLANG_WARN_OBJC_ROOT_CLASS = YES_ERROR;
				CLANG_WARN_QUOTED_INCLUDE_IN_FRAMEWORK_HEADER = NO;
				CLANG_WARN_RANGE_LOOP_ANALYSIS = YES;
				CLANG_WARN_STRICT_PROTOTYPES = YES;
				CLANG_WARN_SUSPICIOUS_MOVE = YES;
				CLANG_WARN_UNGUARDED_AVAILABILITY = YES_AGGRESSIVE;
				CLANG_WARN_UNREACHABLE_CODE = YES;
				CLANG_WARN__DUPLICATE_METHOD_MATCH = YES;
				COPY_PHASE_STRIP = NO;
				DEBUG_INFORMATION_FORMAT = "dwarf-with-dsym";
				ENABLE_NS_ASSERTIONS = NO;
				ENABLE_STRICT_OBJC_MSGSEND = YES;
				GCC_C_LANGUAGE_STANDARD = gnu11;
				GCC_NO_COMMON_BLOCKS = YES;
				GCC_WARN_64_TO_32_BIT_CONVERSION = YES;
				GCC_WARN_ABOUT_RETURN_TYPE = YES_ERROR;
				GCC_WARN_UNDECLARED_SELECTOR = YES;
				GCC_WARN_UNINITIALIZED_AUTOS = YES_AGGRESSIVE;
				GCC_WARN_UNUSED_FUNCTION = YES;
				GCC_WARN_UNUSED_VARIABLE = YES;
				IPHONEOS_DEPLOYMENT_TARGET = 16.4;
				LD_QUOTE_LINKER_ARGUMENTS_FOR_COMPILER_DRIVER = YES;
				MTL_ENABLE_DEBUG_INFO = NO;
				MTL_FAST_MATH = YES;
				OTHER_LDFLAGS = "-Wno-quoted-include-in-framework-header";
				SDKROOT = iphoneos;
				SWIFT_COMPILATION_MODE = wholemodule;
				SWIFT_OPTIMIZATION_LEVEL = "-O";
				VALIDATE_PRODUCT = YES;
			};
			name = Release;
		};
		560AFBD52A1394A40054B502 /* Debug */ = {
			isa = XCBuildConfiguration;
			baseConfigurationReference = 337406C96CB14EDA9269499E /* Pods-CoinTail.debug.xcconfig */;
			buildSettings = {
				ASSETCATALOG_COMPILER_APPICON_NAME = AppIcon;
				ASSETCATALOG_COMPILER_GLOBAL_ACCENT_COLOR_NAME = AccentColor;
				CODE_SIGN_STYLE = Automatic;
				CURRENT_PROJECT_VERSION = 1;
				DEVELOPMENT_TEAM = 4UL99FQPDT;
				GENERATE_INFOPLIST_FILE = YES;
				INFOPLIST_FILE = CoinTail/Application/Info.plist;
				INFOPLIST_KEY_CFBundleDisplayName = CoinTail;
				INFOPLIST_KEY_LSApplicationCategoryType = "public.app-category.finance";
				INFOPLIST_KEY_UIApplicationSupportsIndirectInputEvents = YES;
				INFOPLIST_KEY_UILaunchStoryboardName = LaunchScreen;
				INFOPLIST_KEY_UIMainStoryboardFile = "";
				INFOPLIST_KEY_UISupportedInterfaceOrientations = "UIInterfaceOrientationPortrait UIInterfaceOrientationPortraitUpsideDown";
				LD_RUNPATH_SEARCH_PATHS = (
					"$(inherited)",
					"@executable_path/Frameworks",
				);
				MARKETING_VERSION = 1.0;
				OTHER_LDFLAGS = (
					"$(inherited)",
					"-framework",
					"\"Algorithms\"",
					"-framework",
					"\"Charts\"",
					"-framework",
					"\"EasyPeasy\"",
					"-framework",
					"\"MultipleProgressBar\"",
					"-framework",
					"\"RxCocoa\"",
					"-framework",
					"\"RxRelay\"",
					"-framework",
					"\"RxSwift\"",
					"-Wno-quoted-include-in-framework-header",
				);
				PRODUCT_BUNDLE_IDENTIFIER = eugene.CoinTail;
				PRODUCT_NAME = "$(TARGET_NAME)";
				SWIFT_EMIT_LOC_STRINGS = YES;
				SWIFT_VERSION = 5.0;
				TARGETED_DEVICE_FAMILY = "1,2";
			};
			name = Debug;
		};
		560AFBD62A1394A40054B502 /* Release */ = {
			isa = XCBuildConfiguration;
			baseConfigurationReference = 0D0E1BEF680C3CC318929DA7 /* Pods-CoinTail.release.xcconfig */;
			buildSettings = {
				ASSETCATALOG_COMPILER_APPICON_NAME = AppIcon;
				ASSETCATALOG_COMPILER_GLOBAL_ACCENT_COLOR_NAME = AccentColor;
				CODE_SIGN_STYLE = Automatic;
				CURRENT_PROJECT_VERSION = 1;
				DEVELOPMENT_TEAM = 4UL99FQPDT;
				GENERATE_INFOPLIST_FILE = YES;
				INFOPLIST_FILE = CoinTail/Application/Info.plist;
				INFOPLIST_KEY_CFBundleDisplayName = CoinTail;
				INFOPLIST_KEY_LSApplicationCategoryType = "public.app-category.finance";
				INFOPLIST_KEY_UIApplicationSupportsIndirectInputEvents = YES;
				INFOPLIST_KEY_UILaunchStoryboardName = LaunchScreen;
				INFOPLIST_KEY_UIMainStoryboardFile = "";
				INFOPLIST_KEY_UISupportedInterfaceOrientations = "UIInterfaceOrientationPortrait UIInterfaceOrientationPortraitUpsideDown";
				LD_RUNPATH_SEARCH_PATHS = (
					"$(inherited)",
					"@executable_path/Frameworks",
				);
				MARKETING_VERSION = 1.0;
				OTHER_LDFLAGS = (
					"$(inherited)",
					"-framework",
					"\"Algorithms\"",
					"-framework",
					"\"Charts\"",
					"-framework",
					"\"EasyPeasy\"",
					"-framework",
					"\"MultipleProgressBar\"",
					"-framework",
					"\"RxCocoa\"",
					"-framework",
					"\"RxRelay\"",
					"-framework",
					"\"RxSwift\"",
					"-Wno-quoted-include-in-framework-header",
				);
				PRODUCT_BUNDLE_IDENTIFIER = eugene.CoinTail;
				PRODUCT_NAME = "$(TARGET_NAME)";
				SWIFT_EMIT_LOC_STRINGS = YES;
				SWIFT_VERSION = 5.0;
				TARGETED_DEVICE_FAMILY = "1,2";
			};
			name = Release;
		};
/* End XCBuildConfiguration section */

/* Begin XCConfigurationList section */
		560AFBB82A1394A30054B502 /* Build configuration list for PBXProject "CoinTail" */ = {
			isa = XCConfigurationList;
			buildConfigurations = (
				560AFBD22A1394A40054B502 /* Debug */,
				560AFBD32A1394A40054B502 /* Release */,
			);
			defaultConfigurationIsVisible = 0;
			defaultConfigurationName = Release;
		};
		560AFBD42A1394A40054B502 /* Build configuration list for PBXNativeTarget "CoinTail" */ = {
			isa = XCConfigurationList;
			buildConfigurations = (
				560AFBD52A1394A40054B502 /* Debug */,
				560AFBD62A1394A40054B502 /* Release */,
			);
			defaultConfigurationIsVisible = 0;
			defaultConfigurationName = Release;
		};
/* End XCConfigurationList section */

/* Begin XCVersionGroup section */
		560AFBC92A1394A30054B502 /* CoinTail.xcdatamodeld */ = {
			isa = XCVersionGroup;
			children = (
				560AFBCA2A1394A30054B502 /* CoinTail.xcdatamodel */,
			);
			currentVersion = 560AFBCA2A1394A30054B502 /* CoinTail.xcdatamodel */;
			path = CoinTail.xcdatamodeld;
			sourceTree = "<group>";
			versionGroupType = wrapper.xcdatamodel;
		};
/* End XCVersionGroup section */
	};
	rootObject = 560AFBB52A1394A30054B502 /* Project object */;
}
